
Microsoft Visual Studio Solution File, Format Version 12.00
# Visual Studio Version 17
VisualStudioVersion = 17.9.34723.18
MinimumVisualStudioVersion = 10.0.40219.1
Project("{FAE04EC0-301F-11D3-BF4B-00C04F79EFBC}") = "ZooApplication", "ZooApplication\ZooApplication.csproj", "{3B2C351D-C52F-43A7-83EB-2D8E40541230}"
EndProject
Global
	GlobalSection(SolutionConfigurationPlatforms) = preSolution
		Debug|Any CPU = Debug|Any CPU
		Release|Any CPU = Release|Any CPU
	EndGlobalSection
	GlobalSection(ProjectConfigurationPlatforms) = postSolution
		{3B2C351D-C52F-43A7-83EB-2D8E40541230}.Debug|Any CPU.ActiveCfg = Debug|Any CPU
		{3B2C351D-C52F-43A7-83EB-2D8E40541230}.Debug|Any CPU.Build.0 = Debug|Any CPU
		{3B2C351D-C52F-43A7-83EB-2D8E40541230}.Release|Any CPU.ActiveCfg = Release|Any CPU
		{3B2C351D-C52F-43A7-83EB-2D8E40541230}.Release|Any CPU.Build.0 = Release|Any CPU
	EndGlobalSection
	GlobalSection(SolutionProperties) = preSolution
		HideSolutionNode = FALSE
	EndGlobalSection
	GlobalSection(ExtensibilityGlobals) = postSolution
		SolutionGuid = {59A8C078-95AB-4FBE-A0CC-B929840EEE72}
	EndGlobalSection
EndGlobal
